{
  "version": 4,
  "terraform_version": "1.5.7",
  "serial": 7,
  "lineage": "53b1ad78-9af3-0caa-186e-0ec89075d2ba",
  "outputs": {},
  "resources": [
    {
      "mode": "data",
      "type": "archive_file",
      "name": "default",
      "provider": "provider[\"registry.terraform.io/hashicorp/archive\"]",
      "instances": [
        {
          "schema_version": 0,
          "attributes": {
            "exclude_symlink_directories": null,
            "excludes": null,
            "id": "3f32f341dfeca18f09a091a060abdfe7853537ae",
            "output_base64sha256": "MTw2kFDxokuqbG3wdRKUIVZ8r+o6O2jDCIdYOw4Irkc=",
            "output_base64sha512": "3473jT/322yRZomAdlCpwYuX5WBJtugmap6K2xHMu9A87lEdJ3jDD4Ufz3U9VWmjfXASIH6/sKrAOFvM8O2K2A==",
            "output_file_mode": null,
            "output_md5": "407640c5e36f528ef60d3ba932b19303",
            "output_path": "/tmp/function-source.zip",
            "output_sha": "3f32f341dfeca18f09a091a060abdfe7853537ae",
            "output_sha256": "313c369050f1a24baa6c6df075129421567cafea3a3b68c30887583b0e08ae47",
            "output_sha512": "df8ef78d3ff7db6c916689807650a9c18b97e56049b6e8266a9e8adb11ccbbd03cee511d2778c30f851fcf753d5569a37d7012207ebfb0aac0385bccf0ed8ad8",
            "output_size": 832,
            "source": [],
            "source_content": null,
            "source_content_filename": null,
            "source_dir": "app/",
            "source_file": null,
            "type": "zip"
          },
          "sensitive_attributes": []
        }
      ]
    },
    {
      "mode": "managed",
      "type": "google_cloudfunctions2_function",
      "name": "default",
      "provider": "provider[\"registry.terraform.io/hashicorp/google\"]",
      "instances": [
        {
          "status": "tainted",
          "schema_version": 0,
          "attributes": {
            "build_config": [
              {
                "build": "",
                "docker_repository": "",
                "entry_point": "helloHttp",
                "environment_variables": {},
                "runtime": "python39",
                "source": [
                  {
                    "repo_source": [],
                    "storage_source": [
                      {
                        "bucket": "fc6adf55f1d35e7c-gcf-source",
                        "generation": 0,
                        "object": "function-source.zip"
                      }
                    ]
                  }
                ],
                "worker_pool": ""
              }
            ],
            "description": "a new function",
            "environment": null,
            "event_trigger": [],
            "id": "projects/deep-sun-395410/locations/us-central1/functions/function-v2-python",
            "kms_key_name": null,
            "labels": null,
            "location": "us-central1",
            "name": "function-v2-python",
            "project": null,
            "service_config": [
              {
                "all_traffic_on_latest_revision": true,
                "available_cpu": "",
                "available_memory": "256M",
                "environment_variables": null,
                "gcf_uri": "",
                "ingress_settings": "ALLOW_ALL",
                "max_instance_count": 1,
                "max_instance_request_concurrency": 0,
                "min_instance_count": 0,
                "secret_environment_variables": [],
                "secret_volumes": [],
                "service": "",
                "service_account_email": "",
                "timeout_seconds": 60,
                "uri": "",
                "vpc_connector": "",
                "vpc_connector_egress_settings": ""
              }
            ],
            "state": null,
            "timeouts": null,
            "update_time": null,
            "url": null
          },
          "sensitive_attributes": [],
          "private": "eyJlMmJmYjczMC1lY2FhLTExZTYtOGY4OC0zNDM2M2JjN2M0YzAiOnsiY3JlYXRlIjozNjAwMDAwMDAwMDAwLCJkZWxldGUiOjM2MDAwMDAwMDAwMDAsInVwZGF0ZSI6MzYwMDAwMDAwMDAwMH19",
          "dependencies": [
            "data.archive_file.default",
            "google_storage_bucket.default",
            "google_storage_bucket_object.object",
            "random_id.default"
          ]
        }
      ]
    },
    {
      "mode": "managed",
      "type": "google_storage_bucket",
      "name": "default",
      "provider": "provider[\"registry.terraform.io/hashicorp/google\"]",
      "instances": [
        {
          "schema_version": 0,
          "attributes": {
            "autoclass": [],
            "cors": [],
            "custom_placement_config": [],
            "default_event_based_hold": false,
            "encryption": [],
            "force_destroy": false,
            "id": "fc6adf55f1d35e7c-gcf-source",
            "labels": {},
            "lifecycle_rule": [],
            "location": "US",
            "logging": [],
            "name": "fc6adf55f1d35e7c-gcf-source",
            "project": "deep-sun-395410",
            "public_access_prevention": "inherited",
            "requester_pays": false,
            "retention_policy": [],
            "self_link": "https://www.googleapis.com/storage/v1/b/fc6adf55f1d35e7c-gcf-source",
            "storage_class": "STANDARD",
            "timeouts": null,
            "uniform_bucket_level_access": true,
            "url": "gs://fc6adf55f1d35e7c-gcf-source",
            "versioning": [],
            "website": []
          },
          "sensitive_attributes": [],
          "private": "eyJlMmJmYjczMC1lY2FhLTExZTYtOGY4OC0zNDM2M2JjN2M0YzAiOnsiY3JlYXRlIjo2MDAwMDAwMDAwMDAsInJlYWQiOjI0MDAwMDAwMDAwMCwidXBkYXRlIjoyNDAwMDAwMDAwMDB9fQ==",
          "dependencies": [
            "random_id.default"
          ]
        }
      ]
    },
    {
      "mode": "managed",
      "type": "google_storage_bucket_object",
      "name": "object",
      "provider": "provider[\"registry.terraform.io/hashicorp/google\"]",
      "instances": [
        {
          "schema_version": 0,
          "attributes": {
            "bucket": "fc6adf55f1d35e7c-gcf-source",
            "cache_control": "",
            "content": null,
            "content_disposition": "",
            "content_encoding": "",
            "content_language": "",
            "content_type": "application/zip",
            "crc32c": "T0SAnw==",
            "customer_encryption": [],
            "detect_md5hash": "QHZAxeNvUo72DTupMrGTAw==",
            "event_based_hold": false,
            "id": "fc6adf55f1d35e7c-gcf-source-function-source.zip",
            "kms_key_name": "",
            "md5hash": "QHZAxeNvUo72DTupMrGTAw==",
            "media_link": "https://storage.googleapis.com/download/storage/v1/b/fc6adf55f1d35e7c-gcf-source/o/function-source.zip?generation=1695822079759545\u0026alt=media",
            "metadata": null,
            "name": "function-source.zip",
            "output_name": "function-source.zip",
            "self_link": "https://www.googleapis.com/storage/v1/b/fc6adf55f1d35e7c-gcf-source/o/function-source.zip",
            "source": "/tmp/function-source.zip",
            "storage_class": "STANDARD",
            "temporary_hold": false,
            "timeouts": null
          },
          "sensitive_attributes": [],
          "private": "eyJlMmJmYjczMC1lY2FhLTExZTYtOGY4OC0zNDM2M2JjN2M0YzAiOnsiY3JlYXRlIjoyNDAwMDAwMDAwMDAsImRlbGV0ZSI6MjQwMDAwMDAwMDAwLCJ1cGRhdGUiOjI0MDAwMDAwMDAwMH19",
          "dependencies": [
            "data.archive_file.default",
            "google_storage_bucket.default",
            "random_id.default"
          ]
        }
      ]
    },
    {
      "mode": "managed",
      "type": "random_id",
      "name": "default",
      "provider": "provider[\"registry.terraform.io/hashicorp/random\"]",
      "instances": [
        {
          "schema_version": 0,
          "attributes": {
            "b64_std": "/GrfVfHTXnw=",
            "b64_url": "_GrfVfHTXnw",
            "byte_length": 8,
            "dec": "18188595605311544956",
            "hex": "fc6adf55f1d35e7c",
            "id": "_GrfVfHTXnw",
            "keepers": null,
            "prefix": null
          },
          "sensitive_attributes": []
        }
      ]
    }
  ],
  "check_results": null
}
